
Microsoft Visual Studio Solution File, Format Version 12.00
# Visual Studio Version 17
VisualStudioVersion = 17.1.32210.238
MinimumVisualStudioVersion = 10.0.40219.1
Project("{FAE04EC0-301F-11D3-BF4B-00C04F79EFBC}") = "Phase", "Phase\Phase.csproj", "{2D605B29-19B9-4492-8D45-9F911D131E48}"
EndProject
Global
	GlobalSection(SolutionConfigurationPlatforms) = preSolution
		Debug|x86 = Debug|x86
		Release|x86 = Release|x86
	EndGlobalSection
	GlobalSection(ProjectConfigurationPlatforms) = postSolution
		{2D605B29-19B9-4492-8D45-9F911D131E48}.Debug|x86.ActiveCfg = Debug|x86
		{2D605B29-19B9-4492-8D45-9F911D131E48}.Debug|x86.Build.0 = Debug|x86
		{2D605B29-19B9-4492-8D45-9F911D131E48}.Release|x86.ActiveCfg = Release|x86
		{2D605B29-19B9-4492-8D45-9F911D131E48}.Release|x86.Build.0 = Release|x86
	EndGlobalSection
	GlobalSection(SolutionProperties) = preSolution
		HideSolutionNode = FALSE
	EndGlobalSection
	GlobalSection(ExtensibilityGlobals) = postSolution
		SolutionGuid = {E8764DBB-E0E5-4103-8E01-63DF209FC94B}
	EndGlobalSection
	GlobalSection(MonoDevelopProperties) = preSolution
		StartupItem = Phase\Phase.csproj
	EndGlobalSection
EndGlobal
